
Microsoft Visual Studio Solution File, Format Version 12.00
# Visual Studio Version 16
VisualStudioVersion = 16.0.31205.134
MinimumVisualStudioVersion = 10.0.40219.1
Project("{9A19103F-16F7-4668-BE54-9A1E7A4F7556}") = "Monorepo.Core", "src\Monorepo.Core\Monorepo.Core.csproj", "{1E434481-445D-404A-9701-49D30FF1E95A}"
EndProject
Project("{9A19103F-16F7-4668-BE54-9A1E7A4F7556}") = "Monorepo.Tool", "src\Monorepo.Tool\Monorepo.Tool.csproj", "{406ED0F9-89A7-44D2-822F-69496D990022}"
EndProject
Project("{9A19103F-16F7-4668-BE54-9A1E7A4F7556}") = "Monorepo.Tests", "src\Monorepo.Tests\Monorepo.Tests.csproj", "{5C93DB06-BCF5-4C14-9EF5-24889A540972}"
EndProject
Project("{2150E333-8FDC-42A3-9474-1A3956D46DE8}") = "Solution Items", "Solution Items", "{63EA230F-FC52-4AD5-8CE5-DD44A7558834}"
	ProjectSection(SolutionItems) = preProject
		nuget.config = nuget.config
	EndProjectSection
EndProject
Global
	GlobalSection(SolutionConfigurationPlatforms) = preSolution
		Debug|Any CPU = Debug|Any CPU
		Release|Any CPU = Release|Any CPU
	EndGlobalSection
	GlobalSection(ProjectConfigurationPlatforms) = postSolution
		{1E434481-445D-404A-9701-49D30FF1E95A}.Debug|Any CPU.ActiveCfg = Debug|Any CPU
		{1E434481-445D-404A-9701-49D30FF1E95A}.Debug|Any CPU.Build.0 = Debug|Any CPU
		{1E434481-445D-404A-9701-49D30FF1E95A}.Release|Any CPU.ActiveCfg = Release|Any CPU
		{1E434481-445D-404A-9701-49D30FF1E95A}.Release|Any CPU.Build.0 = Release|Any CPU
		{406ED0F9-89A7-44D2-822F-69496D990022}.Debug|Any CPU.ActiveCfg = Debug|Any CPU
		{406ED0F9-89A7-44D2-822F-69496D990022}.Debug|Any CPU.Build.0 = Debug|Any CPU
		{406ED0F9-89A7-44D2-822F-69496D990022}.Release|Any CPU.ActiveCfg = Release|Any CPU
		{406ED0F9-89A7-44D2-822F-69496D990022}.Release|Any CPU.Build.0 = Release|Any CPU
		{5C93DB06-BCF5-4C14-9EF5-24889A540972}.Debug|Any CPU.ActiveCfg = Debug|Any CPU
		{5C93DB06-BCF5-4C14-9EF5-24889A540972}.Debug|Any CPU.Build.0 = Debug|Any CPU
		{5C93DB06-BCF5-4C14-9EF5-24889A540972}.Release|Any CPU.ActiveCfg = Release|Any CPU
		{5C93DB06-BCF5-4C14-9EF5-24889A540972}.Release|Any CPU.Build.0 = Release|Any CPU
	EndGlobalSection
	GlobalSection(SolutionProperties) = preSolution
		HideSolutionNode = FALSE
	EndGlobalSection
	GlobalSection(ExtensibilityGlobals) = postSolution
		SolutionGuid = {D8B0BEAC-9EB1-46E3-A195-FA08B1F73E03}
	EndGlobalSection
EndGlobal
